// !$*UTF8*$!
{
	archiveVersion = 1;
	classes = {
	};
	objectVersion = 50;
	objects = {

/* Begin PBXBuildFile section */
		3FE498C425CC587400DEED54 /* AssignmentNotebookApp.swift in Sources */ = {isa = PBXBuildFile; fileRef = 3FE498C325CC587400DEED54 /* AssignmentNotebookApp.swift */; };
		3FE498C625CC587400DEED54 /* ContentView.swift in Sources */ = {isa = PBXBuildFile; fileRef = 3FE498C525CC587400DEED54 /* ContentView.swift */; };
		3FE498C825CC587900DEED54 /* Assets.xcassets in Resources */ = {isa = PBXBuildFile; fileRef = 3FE498C725CC587900DEED54 /* Assets.xcassets */; };
		3FE498CB25CC587900DEED54 /* Preview Assets.xcassets in Resources */ = {isa = PBXBuildFile; fileRef = 3FE498CA25CC587900DEED54 /* Preview Assets.xcassets */; };
		3FE498D625CC587A00DEED54 /* AssignmentNotebookTests.swift in Sources */ = {isa = PBXBuildFile; fileRef = 3FE498D525CC587A00DEED54 /* AssignmentNotebookTests.swift */; };
		3FE498E125CC587A00DEED54 /* AssignmentNotebookUITests.swift in Sources */ = {isa = PBXBuildFile; fileRef = 3FE498E025CC587A00DEED54 /* AssignmentNotebookUITests.swift */; };
/* End PBXBuildFile section */

/* Begin PBXContainerItemProxy section */
		3FE498D225CC587A00DEED54 /* PBXContainerItemProxy */ = {
			isa = PBXContainerItemProxy;
			containerPortal = 3FE498B825CC587400DEED54 /* Project object */;
			proxyType = 1;
			remoteGlobalIDString = 3FE498BF25CC587400DEED54;
			remoteInfo = AssignmentNotebook;
		};
		3FE498DD25CC587A00DEED54 /* PBXContainerItemProxy */ = {
			isa = PBXContainerItemProxy;
			containerPortal = 3FE498B825CC587400DEED54 /* Project object */;
			proxyType = 1;
			remoteGlobalIDString = 3FE498BF25CC587400DEED54;
			remoteInfo = AssignmentNotebook;
		};
/* End PBXContainerItemProxy section */

/* Begin PBXFileReference section */
		3FE498C025CC587400DEED54 /* AssignmentNotebook.app */ = {isa = PBXFileReference; explicitFileType = wrapper.application; includeInIndex = 0; path = AssignmentNotebook.app; sourceTree = BUILT_PRODUCTS_DIR; };
		3FE498C325CC587400DEED54 /* AssignmentNotebookApp.swift */ = {isa = PBXFileReference; lastKnownFileType = sourcecode.swift; path = AssignmentNotebookApp.swift; sourceTree = "<group>"; };
		3FE498C525CC587400DEED54 /* ContentView.swift */ = {isa = PBXFileReference; lastKnownFileType = sourcecode.swift; path = ContentView.swift; sourceTree = "<group>"; };
		3FE498C725CC587900DEED54 /* Assets.xcassets */ = {isa = PBXFileReference; lastKnownFileType = folder.assetcatalog; path = Assets.xcassets; sourceTree = "<group>"; };
		3FE498CA25CC587900DEED54 /* Preview Assets.xcassets */ = {isa = PBXFileReference; lastKnownFileType = folder.assetcatalog; path = "Preview Assets.xcassets"; sourceTree = "<group>"; };
		3FE498CC25CC587900DEED54 /* Info.plist */ = {isa = PBXFileReference; lastKnownFileType = text.plist.xml; path = Info.plist; sourceTree = "<group>"; };
		3FE498D125CC587A00DEED54 /* AssignmentNotebookTests.xctest */ = {isa = PBXFileReference; explicitFileType = wrapper.cfbundle; includeInIndex = 0; path = AssignmentNotebookTests.xctest; sourceTree = BUILT_PRODUCTS_DIR; };
		3FE498D525CC587A00DEED54 /* AssignmentNotebookTests.swift */ = {isa = PBXFileReference; lastKnownFileType = sourcecode.swift; path = AssignmentNotebookTests.swift; sourceTree = "<group>"; };
		3FE498D725CC587A00DEED54 /* Info.plist */ = {isa = PBXFileReference; lastKnownFileType = text.plist.xml; path = Info.plist; sourceTree = "<group>"; };
		3FE498DC25CC587A00DEED54 /* AssignmentNotebookUITests.xctest */ = {isa = PBXFileReference; explicitFileType = wrapper.cfbundle; includeInIndex = 0; path = AssignmentNotebookUITests.xctest; sourceTree = BUILT_PRODUCTS_DIR; };
		3FE498E025CC587A00DEED54 /* AssignmentNotebookUITests.swift */ = {isa = PBXFileReference; lastKnownFileType = sourcecode.swift; path = AssignmentNotebookUITests.swift; sourceTree = "<group>"; };
		3FE498E225CC587A00DEED54 /* Info.plist */ = {isa = PBXFileReference; lastKnownFileType = text.plist.xml; path = Info.plist; sourceTree = "<group>"; };
/* End PBXFileReference section */

/* Begin PBXFrameworksBuildPhase section */
		3FE498BD25CC587400DEED54 /* Frameworks */ = {
			isa = PBXFrameworksBuildPhase;
			buildActionMask = 2147483647;
			files = (
			);
			runOnlyForDeploymentPostprocessing = 0;
		};
		3FE498CE25CC587A00DEED54 /* Frameworks */ = {
			isa = PBXFrameworksBuildPhase;
			buildActionMask = 2147483647;
			files = (
			);
			runOnlyForDeploymentPostprocessing = 0;
		};
		3FE498D925CC587A00DEED54 /* Frameworks */ = {
			isa = PBXFrameworksBuildPhase;
			buildActionMask = 2147483647;
			files = (
			);
			runOnlyForDeploymentPostprocessing = 0;
		};
/* End PBXFrameworksBuildPhase section */

/* Begin PBXGroup section */
		3FE498B725CC587400DEED54 = {
			isa = PBXGroup;
			children = (
				3FE498C225CC587400DEED54 /* AssignmentNotebook */,
				3FE498D425CC587A00DEED54 /* AssignmentNotebookTests */,
				3FE498DF25CC587A00DEED54 /* AssignmentNotebookUITests */,
				3FE498C125CC587400DEED54 /* Products */,
			);
			sourceTree = "<group>";
		};
		3FE498C125CC587400DEED54 /* Products */ = {
			isa = PBXGroup;
			children = (
				3FE498C025CC587400DEED54 /* AssignmentNotebook.app */,
				3FE498D125CC587A00DEED54 /* AssignmentNotebookTests.xctest */,
				3FE498DC25CC587A00DEED54 /* AssignmentNotebookUITests.xctest */,
			);
			name = Products;
			sourceTree = "<group>";
		};
		3FE498C225CC587400DEED54 /* AssignmentNotebook */ = {
			isa = PBXGroup;
			children = (
				3FE498C325CC587400DEED54 /* AssignmentNotebookApp.swift */,
				3FE498C525CC587400DEED54 /* ContentView.swift */,
				3FE498C725CC587900DEED54 /* Assets.xcassets */,
				3FE498CC25CC587900DEED54 /* Info.plist */,
				3FE498C925CC587900DEED54 /* Preview Content */,
			);
			path = AssignmentNotebook;
			sourceTree = "<group>";
		};
		3FE498C925CC587900DEED54 /* Preview Content */ = {
			isa = PBXGroup;
			children = (
				3FE498CA25CC587900DEED54 /* Preview Assets.xcassets */,
			);
			path = "Preview Content";
			sourceTree = "<group>";
		};
		3FE498D425CC587A00DEED54 /* AssignmentNotebookTests */ = {
			isa = PBXGroup;
			children = (
				3FE498D525CC587A00DEED54 /* AssignmentNotebookTests.swift */,
				3FE498D725CC587A00DEED54 /* Info.plist */,
			);
			path = AssignmentNotebookTests;
			sourceTree = "<group>";
		};
		3FE498DF25CC587A00DEED54 /* AssignmentNotebookUITests */ = {
			isa = PBXGroup;
			children = (
				3FE498E025CC587A00DEED54 /* AssignmentNotebookUITests.swift */,
				3FE498E225CC587A00DEED54 /* Info.plist */,
			);
			path = AssignmentNotebookUITests;
			sourceTree = "<group>";
		};
/* End PBXGroup section */

/* Begin PBXNativeTarget section */
		3FE498BF25CC587400DEED54 /* AssignmentNotebook */ = {
			isa = PBXNativeTarget;
			buildConfigurationList = 3FE498E525CC587A00DEED54 /* Build configuration list for PBXNativeTarget "AssignmentNotebook" */;
			buildPhases = (
				3FE498BC25CC587400DEED54 /* Sources */,
				3FE498BD25CC587400DEED54 /* Frameworks */,
				3FE498BE25CC587400DEED54 /* Resources */,
			);
			buildRules = (
			);
			dependencies = (
			);
			name = AssignmentNotebook;
			productName = AssignmentNotebook;
			productReference = 3FE498C025CC587400DEED54 /* AssignmentNotebook.app */;
			productType = "com.apple.product-type.application";
		};
		3FE498D025CC587A00DEED54 /* AssignmentNotebookTests */ = {
			isa = PBXNativeTarget;
			buildConfigurationList = 3FE498E825CC587A00DEED54 /* Build configuration list for PBXNativeTarget "AssignmentNotebookTests" */;
			buildPhases = (
				3FE498CD25CC587A00DEED54 /* Sources */,
				3FE498CE25CC587A00DEED54 /* Frameworks */,
				3FE498CF25CC587A00DEED54 /* Resources */,
			);
			buildRules = (
			);
			dependencies = (
				3FE498D325CC587A00DEED54 /* PBXTargetDependency */,
			);
			name = AssignmentNotebookTests;
			productName = AssignmentNotebookTests;
			productReference = 3FE498D125CC587A00DEED54 /* AssignmentNotebookTests.xctest */;
			productType = "com.apple.product-type.bundle.unit-test";
		};
		3FE498DB25CC587A00DEED54 /* AssignmentNotebookUITests */ = {
			isa = PBXNativeTarget;
			buildConfigurationList = 3FE498EB25CC587A00DEED54 /* Build configuration list for PBXNativeTarget "AssignmentNotebookUITests" */;
			buildPhases = (
				3FE498D825CC587A00DEED54 /* Sources */,
				3FE498D925CC587A00DEED54 /* Frameworks */,
				3FE498DA25CC587A00DEED54 /* Resources */,
			);
			buildRules = (
			);
			dependencies = (
				3FE498DE25CC587A00DEED54 /* PBXTargetDependency */,
			);
			name = AssignmentNotebookUITests;
			productName = AssignmentNotebookUITests;
			productReference = 3FE498DC25CC587A00DEED54 /* AssignmentNotebookUITests.xctest */;
			productType = "com.apple.product-type.bundle.ui-testing";
		};
/* End PBXNativeTarget section */

/* Begin PBXProject section */
		3FE498B825CC587400DEED54 /* Project object */ = {
			isa = PBXProject;
			attributes = {
				LastSwiftUpdateCheck = 1240;
				LastUpgradeCheck = 1240;
				TargetAttributes = {
					3FE498BF25CC587400DEED54 = {
						CreatedOnToolsVersion = 12.4;
					};
					3FE498D025CC587A00DEED54 = {
						CreatedOnToolsVersion = 12.4;
						TestTargetID = 3FE498BF25CC587400DEED54;
					};
					3FE498DB25CC587A00DEED54 = {
						CreatedOnToolsVersion = 12.4;
						TestTargetID = 3FE498BF25CC587400DEED54;
					};
				};
			};
			buildConfigurationList = 3FE498BB25CC587400DEED54 /* Build configuration list for PBXProject "AssignmentNotebook" */;
			compatibilityVersion = "Xcode 9.3";
			developmentRegion = en;
			hasScannedForEncodings = 0;
			knownRegions = (
				en,
				Base,
			);
			mainGroup = 3FE498B725CC587400DEED54;
			productRefGroup = 3FE498C125CC587400DEED54 /* Products */;
			projectDirPath = "";
			projectRoot = "";
			targets = (
				3FE498BF25CC587400DEED54 /* AssignmentNotebook */,
				3FE498D025CC587A00DEED54 /* AssignmentNotebookTests */,
				3FE498DB25CC587A00DEED54 /* AssignmentNotebookUITests */,
			);
		};
/* End PBXProject section */

/* Begin PBXResourcesBuildPhase section */
		3FE498BE25CC587400DEED54 /* Resources */ = {
			isa = PBXResourcesBuildPhase;
			buildActionMask = 2147483647;
			files = (
				3FE498CB25CC587900DEED54 /* Preview Assets.xcassets in Resources */,
				3FE498C825CC587900DEED54 /* Assets.xcassets in Resources */,
			);
			runOnlyForDeploymentPostprocessing = 0;
		};
		3FE498CF25CC587A00DEED54 /* Resources */ = {
			isa = PBXResourcesBuildPhase;
			buildActionMask = 2147483647;
			files = (
			);
			runOnlyForDeploymentPostprocessing = 0;
		};
		3FE498DA25CC587A00DEED54 /* Resources */ = {
			isa = PBXResourcesBuildPhase;
			buildActionMask = 2147483647;
			files = (
			);
			runOnlyForDeploymentPostprocessing = 0;
		};
/* End PBXResourcesBuildPhase section */

/* Begin PBXSourcesBuildPhase section */
		3FE498BC25CC587400DEED54 /* Sources */ = {
			isa = PBXSourcesBuildPhase;
			buildActionMask = 2147483647;
			files = (
				3FE498C625CC587400DEED54 /* ContentView.swift in Sources */,
				3FE498C425CC587400DEED54 /* AssignmentNotebookApp.swift in Sources */,
			);
			runOnlyForDeploymentPostprocessing = 0;
		};
		3FE498CD25CC587A00DEED54 /* Sources */ = {
			isa = PBXSourcesBuildPhase;
			buildActionMask = 2147483647;
			files = (
				3FE498D625CC587A00DEED54 /* AssignmentNotebookTests.swift in Sources */,
			);
			runOnlyForDeploymentPostprocessing = 0;
		};
		3FE498D825CC587A00DEED54 /* Sources */ = {
			isa = PBXSourcesBuildPhase;
			buildActionMask = 2147483647;
			files = (
				3FE498E125CC587A00DEED54 /* AssignmentNotebookUITests.swift in Sources */,
			);
			runOnlyForDeploymentPostprocessing = 0;
		};
/* End PBXSourcesBuildPhase section */

/* Begin PBXTargetDependency section */
		3FE498D325CC587A00DEED54 /* PBXTargetDependency */ = {
			isa = PBXTargetDependency;
			target = 3FE498BF25CC587400DEED54 /* AssignmentNotebook */;
			targetProxy = 3FE498D225CC587A00DEED54 /* PBXContainerItemProxy */;
		};
		3FE498DE25CC587A00DEED54 /* PBXTargetDependency */ = {
			isa = PBXTargetDependency;
			target = 3FE498BF25CC587400DEED54 /* AssignmentNotebook */;
			targetProxy = 3FE498DD25CC587A00DEED54 /* PBXContainerItemProxy */;
		};
/* End PBXTargetDependency section */

/* Begin XCBuildConfiguration section */
		3FE498E325CC587A00DEED54 /* Debug */ = {
			isa = XCBuildConfiguration;
			buildSettings = {
				ALWAYS_SEARCH_USER_PATHS = NO;
				CLANG_ANALYZER_NONNULL = YES;
				CLANG_ANALYZER_NUMBER_OBJECT_CONVERSION = YES_AGGRESSIVE;
				CLANG_CXX_LANGUAGE_STANDARD = "gnu++14";
				CLANG_CXX_LIBRARY = "libc++";
				CLANG_ENABLE_MODULES = YES;
				CLANG_ENABLE_OBJC_ARC = YES;
				CLANG_ENABLE_OBJC_WEAK = YES;
				CLANG_WARN_BLOCK_CAPTURE_AUTORELEASING = YES;
				CLANG_WARN_BOOL_CONVERSION = YES;
				CLANG_WARN_COMMA = YES;
				CLANG_WARN_CONSTANT_CONVERSION = YES;
				CLANG_WARN_DEPRECATED_OBJC_IMPLEMENTATIONS = YES;
				CLANG_WARN_DIRECT_OBJC_ISA_USAGE = YES_ERROR;
				CLANG_WARN_DOCUMENTATION_COMMENTS = YES;
				CLANG_WARN_EMPTY_BODY = YES;
				CLANG_WARN_ENUM_CONVERSION = YES;
				CLANG_WARN_INFINITE_RECURSION = YES;
				CLANG_WARN_INT_CONVERSION = YES;
				CLANG_WARN_NON_LITERAL_NULL_CONVERSION = YES;
				CLANG_WARN_OBJC_IMPLICIT_RETAIN_SELF = YES;
				CLANG_WARN_OBJC_LITERAL_CONVERSION = YES;
				CLANG_WARN_OBJC_ROOT_CLASS = YES_ERROR;
				CLANG_WARN_QUOTED_INCLUDE_IN_FRAMEWORK_HEADER = YES;
				CLANG_WARN_RANGE_LOOP_ANALYSIS = YES;
				CLANG_WARN_STRICT_PROTOTYPES = YES;
				CLANG_WARN_SUSPICIOUS_MOVE = YES;
				CLANG_WARN_UNGUARDED_AVAILABILITY = YES_AGGRESSIVE;
				CLANG_WARN_UNREACHABLE_CODE = YES;
				CLANG_WARN__DUPLICATE_METHOD_MATCH = YES;
				COPY_PHASE_STRIP = NO;
				DEBUG_INFORMATION_FORMAT = dwarf;
				ENABLE_STRICT_OBJC_MSGSEND = YES;
				ENABLE_TESTABILITY = YES;
				GCC_C_LANGUAGE_STANDARD = gnu11;
				GCC_DYNAMIC_NO_PIC = NO;
				GCC_NO_COMMON_BLOCKS = YES;
				GCC_OPTIMIZATION_LEVEL = 0;
				GCC_PREPROCESSOR_DEFINITIONS = (
					"DEBUG=1",
					"$(inherited)",
				);
				GCC_WARN_64_TO_32_BIT_CONVERSION = YES;
				GCC_WARN_ABOUT_RETURN_TYPE = YES_ERROR;
				GCC_WARN_UNDECLARED_SELECTOR = YES;
				GCC_WARN_UNINITIALIZED_AUTOS = YES_AGGRESSIVE;
				GCC_WARN_UNUSED_FUNCTION = YES;
				GCC_WARN_UNUSED_VARIABLE = YES;
				IPHONEOS_DEPLOYMENT_TARGET = 14.4;
				MTL_ENABLE_DEBUG_INFO = INCLUDE_SOURCE;
				MTL_FAST_MATH = YES;
				ONLY_ACTIVE_ARCH = YES;
				SDKROOT = iphoneos;
				SWIFT_ACTIVE_COMPILATION_CONDITIONS = DEBUG;
				SWIFT_OPTIMIZATION_LEVEL = "-Onone";
			};
			name = Debug;
		};
		3FE498E425CC587A00DEED54 /* Release */ = {
			isa = XCBuildConfiguration;
			buildSettings = {
				ALWAYS_SEARCH_USER_PATHS = NO;
				CLANG_ANALYZER_NONNULL = YES;
				CLANG_ANALYZER_NUMBER_OBJECT_CONVERSION = YES_AGGRESSIVE;
				CLANG_CXX_LANGUAGE_STANDARD = "gnu++14";
				CLANG_CXX_LIBRARY = "libc++";
				CLANG_ENABLE_MODULES = YES;
				CLANG_ENABLE_OBJC_ARC = YES;
				CLANG_ENABLE_OBJC_WEAK = YES;
				CLANG_WARN_BLOCK_CAPTURE_AUTORELEASING = YES;
				CLANG_WARN_BOOL_CONVERSION = YES;
				CLANG_WARN_COMMA = YES;
				CLANG_WARN_CONSTANT_CONVERSION = YES;
				CLANG_WARN_DEPRECATED_OBJC_IMPLEMENTATIONS = YES;
				CLANG_WARN_DIRECT_OBJC_ISA_USAGE = YES_ERROR;
				CLANG_WARN_DOCUMENTATION_COMMENTS = YES;
				CLANG_WARN_EMPTY_BODY = YES;
				CLANG_WARN_ENUM_CONVERSION = YES;
				CLANG_WARN_INFINITE_RECURSION = YES;
				CLANG_WARN_INT_CONVERSION = YES;
				CLANG_WARN_NON_LITERAL_NULL_CONVERSION = YES;
				CLANG_WARN_OBJC_IMPLICIT_RETAIN_SELF = YES;
				CLANG_WARN_OBJC_LITERAL_CONVERSION = YES;
				CLANG_WARN_OBJC_ROOT_CLASS = YES_ERROR;
				CLANG_WARN_QUOTED_INCLUDE_IN_FRAMEWORK_HEADER = YES;
				CLANG_WARN_RANGE_LOOP_ANALYSIS = YES;
				CLANG_WARN_STRICT_PROTOTYPES = YES;
				CLANG_WARN_SUSPICIOUS_MOVE = YES;
				CLANG_WARN_UNGUARDED_AVAILABILITY = YES_AGGRESSIVE;
				CLANG_WARN_UNREACHABLE_CODE = YES;
				CLANG_WARN__DUPLICATE_METHOD_MATCH = YES;
				COPY_PHASE_STRIP = NO;
				DEBUG_INFORMATION_FORMAT = "dwarf-with-dsym";
				ENABLE_NS_ASSERTIONS = NO;
				ENABLE_STRICT_OBJC_MSGSEND = YES;
				GCC_C_LANGUAGE_STANDARD = gnu11;
				GCC_NO_COMMON_BLOCKS = YES;
				GCC_WARN_64_TO_32_BIT_CONVERSION = YES;
				GCC_WARN_ABOUT_RETURN_TYPE = YES_ERROR;
				GCC_WARN_UNDECLARED_SELECTOR = YES;
				GCC_WARN_UNINITIALIZED_AUTOS = YES_AGGRESSIVE;
				GCC_WARN_UNUSED_FUNCTION = YES;
				GCC_WARN_UNUSED_VARIABLE = YES;
				IPHONEOS_DEPLOYMENT_TARGET = 14.4;
				MTL_ENABLE_DEBUG_INFO = NO;
				MTL_FAST_MATH = YES;
				SDKROOT = iphoneos;
				SWIFT_COMPILATION_MODE = wholemodule;
				SWIFT_OPTIMIZATION_LEVEL = "-O";
				VALIDATE_PRODUCT = YES;
			};
			name = Release;
		};
		3FE498E625CC587A00DEED54 /* Debug */ = {
			isa = XCBuildConfiguration;
			buildSettings = {
				ASSETCATALOG_COMPILER_APPICON_NAME = AppIcon;
				ASSETCATALOG_COMPILER_GLOBAL_ACCENT_COLOR_NAME = AccentColor;
				CODE_SIGN_STYLE = Automatic;
				DEVELOPMENT_ASSET_PATHS = "\"AssignmentNotebook/Preview Content\"";
				DEVELOPMENT_TEAM = SQT59VFJJ3;
				ENABLE_PREVIEWS = YES;
				INFOPLIST_FILE = AssignmentNotebook/Info.plist;
				IPHONEOS_DEPLOYMENT_TARGET = 14.0;
				LD_RUNPATH_SEARCH_PATHS = (
					"$(inherited)",
					"@executable_path/Frameworks",
				);
				PRODUCT_BUNDLE_IDENTIFIER = elenator.AssignmentNotebook;
				PRODUCT_NAME = "$(TARGET_NAME)";
				SWIFT_VERSION = 5.0;
				TARGETED_DEVICE_FAMILY = "1,2";
			};
			name = Debug;
		};
		3FE498E725CC587A00DEED54 /* Release */ = {
			isa = XCBuildConfiguration;
			buildSettings = {
				ASSETCATALOG_COMPILER_APPICON_NAME = AppIcon;
				ASSETCATALOG_COMPILER_GLOBAL_ACCENT_COLOR_NAME = AccentColor;
				CODE_SIGN_STYLE = Automatic;
				DEVELOPMENT_ASSET_PATHS = "\"AssignmentNotebook/Preview Content\"";
				DEVELOPMENT_TEAM = SQT59VFJJ3;
				ENABLE_PREVIEWS = YES;
				INFOPLIST_FILE = AssignmentNotebook/Info.plist;
				IPHONEOS_DEPLOYMENT_TARGET = 14.0;
				LD_RUNPATH_SEARCH_PATHS = (
					"$(inherited)",
					"@executable_path/Frameworks",
				);
				PRODUCT_BUNDLE_IDENTIFIER = elenator.AssignmentNotebook;
				PRODUCT_NAME = "$(TARGET_NAME)";
				SWIFT_VERSION = 5.0;
				TARGETED_DEVICE_FAMILY = "1,2";
			};
			name = Release;
		};
		3FE498E925CC587A00DEED54 /* Debug */ = {
			isa = XCBuildConfiguration;
			buildSettings = {
				ALWAYS_EMBED_SWIFT_STANDARD_LIBRARIES = YES;
				BUNDLE_LOADER = "$(TEST_HOST)";
				CODE_SIGN_STYLE = Automatic;
				DEVELOPMENT_TEAM = SQT59VFJJ3;
				INFOPLIST_FILE = AssignmentNotebookTests/Info.plist;
				IPHONEOS_DEPLOYMENT_TARGET = 14.0;
				LD_RUNPATH_SEARCH_PATHS = (
					"$(inherited)",
					"@executable_path/Frameworks",
					"@loader_path/Frameworks",
				);
				PRODUCT_BUNDLE_IDENTIFIER = elenator.AssignmentNotebookTests;
				PRODUCT_NAME = "$(TARGET_NAME)";
				SWIFT_VERSION = 5.0;
				TARGETED_DEVICE_FAMILY = "1,2";
				TEST_HOST = "$(BUILT_PRODUCTS_DIR)/AssignmentNotebook.app/AssignmentNotebook";
			};
			name = Debug;
		};
		3FE498EA25CC587A00DEED54 /* Release */ = {
			isa = XCBuildConfiguration;
			buildSettings = {
				ALWAYS_EMBED_SWIFT_STANDARD_LIBRARIES = YES;
				BUNDLE_LOADER = "$(TEST_HOST)";
				CODE_SIGN_STYLE = Automatic;
				DEVELOPMENT_TEAM = SQT59VFJJ3;
				INFOPLIST_FILE = AssignmentNotebookTests/Info.plist;
				IPHONEOS_DEPLOYMENT_TARGET = 14.0;
				LD_RUNPATH_SEARCH_PATHS = (
					"$(inherited)",
					"@executable_path/Frameworks",
					"@loader_path/Frameworks",
				);
				PRODUCT_BUNDLE_IDENTIFIER = elenator.AssignmentNotebookTests;
				PRODUCT_NAME = "$(TARGET_NAME)";
				SWIFT_VERSION = 5.0;
				TARGETED_DEVICE_FAMILY = "1,2";
				TEST_HOST = "$(BUILT_PRODUCTS_DIR)/AssignmentNotebook.app/AssignmentNotebook";
			};
			name = Release;
		};
		3FE498EC25CC587A00DEED54 /* Debug */ = {
			isa = XCBuildConfiguration;
			buildSettings = {
				ALWAYS_EMBED_SWIFT_STANDARD_LIBRARIES = YES;
				CODE_SIGN_STYLE = Automatic;
				DEVELOPMENT_TEAM = SQT59VFJJ3;
				INFOPLIST_FILE = AssignmentNotebookUITests/Info.plist;
				LD_RUNPATH_SEARCH_PATHS = (
					"$(inherited)",
					"@executable_path/Frameworks",
					"@loader_path/Frameworks",
				);
				PRODUCT_BUNDLE_IDENTIFIER = elenator.AssignmentNotebookUITests;
				PRODUCT_NAME = "$(TARGET_NAME)";
				SWIFT_VERSION = 5.0;
				TARGETED_DEVICE_FAMILY = "1,2";
				TEST_TARGET_NAME = AssignmentNotebook;
			};
			name = Debug;
		};
		3FE498ED25CC587A00DEED54 /* Release */ = {
			isa = XCBuildConfiguration;
			buildSettings = {
				ALWAYS_EMBED_SWIFT_STANDARD_LIBRARIES = YES;
				CODE_SIGN_STYLE = Automatic;
				DEVELOPMENT_TEAM = SQT59VFJJ3;
				INFOPLIST_FILE = AssignmentNotebookUITests/Info.plist;
				LD_RUNPATH_SEARCH_PATHS = (
					"$(inherited)",
					"@executable_path/Frameworks",
					"@loader_path/Frameworks",
				);
				PRODUCT_BUNDLE_IDENTIFIER = elenator.AssignmentNotebookUITests;
				PRODUCT_NAME = "$(TARGET_NAME)";
				SWIFT_VERSION = 5.0;
				TARGETED_DEVICE_FAMILY = "1,2";
				TEST_TARGET_NAME = AssignmentNotebook;
			};
			name = Release;
		};
/* End XCBuildConfiguration section */

/* Begin XCConfigurationList section */
		3FE498BB25CC587400DEED54 /* Build configuration list for PBXProject "AssignmentNotebook" */ = {
			isa = XCConfigurationList;
			buildConfigurations = (
				3FE498E325CC587A00DEED54 /* Debug */,
				3FE498E425CC587A00DEED54 /* Release */,
			);
			defaultConfigurationIsVisible = 0;
			defaultConfigurationName = Release;
		};
		3FE498E525CC587A00DEED54 /* Build configuration list for PBXNativeTarget "AssignmentNotebook" */ = {
			isa = XCConfigurationList;
			buildConfigurations = (
				3FE498E625CC587A00DEED54 /* Debug */,
				3FE498E725CC587A00DEED54 /* Release */,
			);
			defaultConfigurationIsVisible = 0;
			defaultConfigurationName = Release;
		};
		3FE498E825CC587A00DEED54 /* Build configuration list for PBXNativeTarget "AssignmentNotebookTests" */ = {
			isa = XCConfigurationList;
			buildConfigurations = (
				3FE498E925CC587A00DEED54 /* Debug */,
				3FE498EA25CC587A00DEED54 /* Release */,
			);
			defaultConfigurationIsVisible = 0;
			defaultConfigurationName = Release;
		};
		3FE498EB25CC587A00DEED54 /* Build configuration list for PBXNativeTarget "AssignmentNotebookUITests" */ = {
			isa = XCConfigurationList;
			buildConfigurations = (
				3FE498EC25CC587A00DEED54 /* Debug */,
				3FE498ED25CC587A00DEED54 /* Release */,
			);
			defaultConfigurationIsVisible = 0;
			defaultConfigurationName = Release;
		};
/* End XCConfigurationList section */
	};
	rootObject = 3FE498B825CC587400DEED54 /* Project object */;
}
